#!r6rs ; -*- mode: scheme; coding: utf-8 -*-
;; This file is automatically generated - do not change it by hand.
(import (akku format lockfile))
(projects
  ((name "chez-srfi")
    (location (git "https://github.com/weinholt/chez-srfi.git"))
    (revision "df8c43d5ce5b006abce812bf3f0c1b9b5f94fa91"))
  ((name "hashing")
    (location (git "https://github.com/weinholt/hashing.git"))
    (tag "v1.2.0")
    (revision "f138deaec38d54ddb621c082764ece276deebe7f"))
  ((name "ip-address")
    (location
      (git "https://github.com/weinholt/ip-address.git"))
    (tag "v1.0.0")
    (revision "7574dcab570a444a0b925a22d8fc11b485482ae1"))
  ((name "struct-pack")
    (location
      (git "https://github.com/weinholt/struct-pack.git"))
    (tag "v1.1.0")
    (revision "6c583e744154e31b529445824f858f734e6ad66e"))
  ((name "xitomatl")
    (location (git "https://github.com/weinholt/xitomatl.git"))
    (revision "62a82439fc802950abb33cd19c5d8c6963cbefda")))
